
Microsoft Visual Studio Solution File, Format Version 12.00
# Visual Studio Version 17
VisualStudioVersion = 17.1.32210.238
MinimumVisualStudioVersion = 10.0.40219.1
Project("{FAE04EC0-301F-11D3-BF4B-00C04F79EFBC}") = "ControlulInterfetei", "ControlulInterfetei\ControlulInterfetei.csproj", "{F43D5668-2405-416E-B53B-B6A0D7F91F9C}"
EndProject
Project("{FAE04EC0-301F-11D3-BF4B-00C04F79EFBC}") = "ControlulInterfeteiTest", "ControlulInterfeteiTest\ControlulInterfeteiTest.csproj", "{1A4A88EA-0DBA-46B7-A2BC-5341A8444875}"
EndProject
Global
	GlobalSection(SolutionConfigurationPlatforms) = preSolution
		Debug|Any CPU = Debug|Any CPU
		Release|Any CPU = Release|Any CPU
	EndGlobalSection
	GlobalSection(ProjectConfigurationPlatforms) = postSolution
		{F43D5668-2405-416E-B53B-B6A0D7F91F9C}.Debug|Any CPU.ActiveCfg = Debug|Any CPU
		{F43D5668-2405-416E-B53B-B6A0D7F91F9C}.Debug|Any CPU.Build.0 = Debug|Any CPU
		{F43D5668-2405-416E-B53B-B6A0D7F91F9C}.Release|Any CPU.ActiveCfg = Release|Any CPU
		{F43D5668-2405-416E-B53B-B6A0D7F91F9C}.Release|Any CPU.Build.0 = Release|Any CPU
		{1A4A88EA-0DBA-46B7-A2BC-5341A8444875}.Debug|Any CPU.ActiveCfg = Debug|Any CPU
		{1A4A88EA-0DBA-46B7-A2BC-5341A8444875}.Debug|Any CPU.Build.0 = Debug|Any CPU
		{1A4A88EA-0DBA-46B7-A2BC-5341A8444875}.Release|Any CPU.ActiveCfg = Release|Any CPU
		{1A4A88EA-0DBA-46B7-A2BC-5341A8444875}.Release|Any CPU.Build.0 = Release|Any CPU
	EndGlobalSection
	GlobalSection(SolutionProperties) = preSolution
		HideSolutionNode = FALSE
	EndGlobalSection
	GlobalSection(ExtensibilityGlobals) = postSolution
		SolutionGuid = {5DF0E460-B986-4EB2-AFB0-0E094A19EB9D}
	EndGlobalSection
EndGlobal
